// !$*UTF8*$!
{
	archiveVersion = 1;
	classes = {
	};
	objectVersion = 50;
	objects = {

/* Begin PBXBuildFile section */
		C95FEC9E25C6B39700E669AB /* hakus_karo_app_swiftApp.swift in Sources */ = {isa = PBXBuildFile; fileRef = C95FEC9D25C6B39700E669AB /* hakus_karo_app_swiftApp.swift */; };
		C95FECA025C6B39700E669AB /* ContentView.swift in Sources */ = {isa = PBXBuildFile; fileRef = C95FEC9F25C6B39700E669AB /* ContentView.swift */; };
		C95FECA225C6B39900E669AB /* Assets.xcassets in Resources */ = {isa = PBXBuildFile; fileRef = C95FECA125C6B39900E669AB /* Assets.xcassets */; };
		C95FECA525C6B39900E669AB /* Preview Assets.xcassets in Resources */ = {isa = PBXBuildFile; fileRef = C95FECA425C6B39900E669AB /* Preview Assets.xcassets */; };
		C95FECB025C6B39900E669AB /* hakus_karo_app_swiftTests.swift in Sources */ = {isa = PBXBuildFile; fileRef = C95FECAF25C6B39900E669AB /* hakus_karo_app_swiftTests.swift */; };
		C95FECBB25C6B39A00E669AB /* hakus_karo_app_swiftUITests.swift in Sources */ = {isa = PBXBuildFile; fileRef = C95FECBA25C6B39A00E669AB /* hakus_karo_app_swiftUITests.swift */; };
/* End PBXBuildFile section */

/* Begin PBXContainerItemProxy section */
		C95FECAC25C6B39900E669AB /* PBXContainerItemProxy */ = {
			isa = PBXContainerItemProxy;
			containerPortal = C95FEC9225C6B39700E669AB /* Project object */;
			proxyType = 1;
			remoteGlobalIDString = C95FEC9925C6B39700E669AB;
			remoteInfo = "hakus-karo-app-swift";
		};
		C95FECB725C6B39900E669AB /* PBXContainerItemProxy */ = {
			isa = PBXContainerItemProxy;
			containerPortal = C95FEC9225C6B39700E669AB /* Project object */;
			proxyType = 1;
			remoteGlobalIDString = C95FEC9925C6B39700E669AB;
			remoteInfo = "hakus-karo-app-swift";
		};
/* End PBXContainerItemProxy section */

/* Begin PBXFileReference section */
		C95FEC9A25C6B39700E669AB /* hakus-karo-app-swift.app */ = {isa = PBXFileReference; explicitFileType = wrapper.application; includeInIndex = 0; path = "hakus-karo-app-swift.app"; sourceTree = BUILT_PRODUCTS_DIR; };
		C95FEC9D25C6B39700E669AB /* hakus_karo_app_swiftApp.swift */ = {isa = PBXFileReference; lastKnownFileType = sourcecode.swift; path = hakus_karo_app_swiftApp.swift; sourceTree = "<group>"; };
		C95FEC9F25C6B39700E669AB /* ContentView.swift */ = {isa = PBXFileReference; lastKnownFileType = sourcecode.swift; path = ContentView.swift; sourceTree = "<group>"; };
		C95FECA125C6B39900E669AB /* Assets.xcassets */ = {isa = PBXFileReference; lastKnownFileType = folder.assetcatalog; path = Assets.xcassets; sourceTree = "<group>"; };
		C95FECA425C6B39900E669AB /* Preview Assets.xcassets */ = {isa = PBXFileReference; lastKnownFileType = folder.assetcatalog; path = "Preview Assets.xcassets"; sourceTree = "<group>"; };
		C95FECA625C6B39900E669AB /* Info.plist */ = {isa = PBXFileReference; lastKnownFileType = text.plist.xml; path = Info.plist; sourceTree = "<group>"; };
		C95FECAB25C6B39900E669AB /* hakus-karo-app-swiftTests.xctest */ = {isa = PBXFileReference; explicitFileType = wrapper.cfbundle; includeInIndex = 0; path = "hakus-karo-app-swiftTests.xctest"; sourceTree = BUILT_PRODUCTS_DIR; };
		C95FECAF25C6B39900E669AB /* hakus_karo_app_swiftTests.swift */ = {isa = PBXFileReference; lastKnownFileType = sourcecode.swift; path = hakus_karo_app_swiftTests.swift; sourceTree = "<group>"; };
		C95FECB125C6B39900E669AB /* Info.plist */ = {isa = PBXFileReference; lastKnownFileType = text.plist.xml; path = Info.plist; sourceTree = "<group>"; };
		C95FECB625C6B39900E669AB /* hakus-karo-app-swiftUITests.xctest */ = {isa = PBXFileReference; explicitFileType = wrapper.cfbundle; includeInIndex = 0; path = "hakus-karo-app-swiftUITests.xctest"; sourceTree = BUILT_PRODUCTS_DIR; };
		C95FECBA25C6B39A00E669AB /* hakus_karo_app_swiftUITests.swift */ = {isa = PBXFileReference; lastKnownFileType = sourcecode.swift; path = hakus_karo_app_swiftUITests.swift; sourceTree = "<group>"; };
		C95FECBC25C6B39A00E669AB /* Info.plist */ = {isa = PBXFileReference; lastKnownFileType = text.plist.xml; path = Info.plist; sourceTree = "<group>"; };
/* End PBXFileReference section */

/* Begin PBXFrameworksBuildPhase section */
		C95FEC9725C6B39700E669AB /* Frameworks */ = {
			isa = PBXFrameworksBuildPhase;
			buildActionMask = 2147483647;
			files = (
			);
			runOnlyForDeploymentPostprocessing = 0;
		};
		C95FECA825C6B39900E669AB /* Frameworks */ = {
			isa = PBXFrameworksBuildPhase;
			buildActionMask = 2147483647;
			files = (
			);
			runOnlyForDeploymentPostprocessing = 0;
		};
		C95FECB325C6B39900E669AB /* Frameworks */ = {
			isa = PBXFrameworksBuildPhase;
			buildActionMask = 2147483647;
			files = (
			);
			runOnlyForDeploymentPostprocessing = 0;
		};
/* End PBXFrameworksBuildPhase section */

/* Begin PBXGroup section */
		C95FEC9125C6B39700E669AB = {
			isa = PBXGroup;
			children = (
				C95FEC9C25C6B39700E669AB /* hakus-karo-app-swift */,
				C95FECAE25C6B39900E669AB /* hakus-karo-app-swiftTests */,
				C95FECB925C6B39900E669AB /* hakus-karo-app-swiftUITests */,
				C95FEC9B25C6B39700E669AB /* Products */,
			);
			sourceTree = "<group>";
		};
		C95FEC9B25C6B39700E669AB /* Products */ = {
			isa = PBXGroup;
			children = (
				C95FEC9A25C6B39700E669AB /* hakus-karo-app-swift.app */,
				C95FECAB25C6B39900E669AB /* hakus-karo-app-swiftTests.xctest */,
				C95FECB625C6B39900E669AB /* hakus-karo-app-swiftUITests.xctest */,
			);
			name = Products;
			sourceTree = "<group>";
		};
		C95FEC9C25C6B39700E669AB /* hakus-karo-app-swift */ = {
			isa = PBXGroup;
			children = (
				C95FEC9D25C6B39700E669AB /* hakus_karo_app_swiftApp.swift */,
				C95FEC9F25C6B39700E669AB /* ContentView.swift */,
				C95FECA125C6B39900E669AB /* Assets.xcassets */,
				C95FECA625C6B39900E669AB /* Info.plist */,
				C95FECA325C6B39900E669AB /* Preview Content */,
			);
			path = "hakus-karo-app-swift";
			sourceTree = "<group>";
		};
		C95FECA325C6B39900E669AB /* Preview Content */ = {
			isa = PBXGroup;
			children = (
				C95FECA425C6B39900E669AB /* Preview Assets.xcassets */,
			);
			path = "Preview Content";
			sourceTree = "<group>";
		};
		C95FECAE25C6B39900E669AB /* hakus-karo-app-swiftTests */ = {
			isa = PBXGroup;
			children = (
				C95FECAF25C6B39900E669AB /* hakus_karo_app_swiftTests.swift */,
				C95FECB125C6B39900E669AB /* Info.plist */,
			);
			path = "hakus-karo-app-swiftTests";
			sourceTree = "<group>";
		};
		C95FECB925C6B39900E669AB /* hakus-karo-app-swiftUITests */ = {
			isa = PBXGroup;
			children = (
				C95FECBA25C6B39A00E669AB /* hakus_karo_app_swiftUITests.swift */,
				C95FECBC25C6B39A00E669AB /* Info.plist */,
			);
			path = "hakus-karo-app-swiftUITests";
			sourceTree = "<group>";
		};
/* End PBXGroup section */

/* Begin PBXNativeTarget section */
		C95FEC9925C6B39700E669AB /* hakus-karo-app-swift */ = {
			isa = PBXNativeTarget;
			buildConfigurationList = C95FECBF25C6B39A00E669AB /* Build configuration list for PBXNativeTarget "hakus-karo-app-swift" */;
			buildPhases = (
				C95FEC9625C6B39700E669AB /* Sources */,
				C95FEC9725C6B39700E669AB /* Frameworks */,
				C95FEC9825C6B39700E669AB /* Resources */,
			);
			buildRules = (
			);
			dependencies = (
			);
			name = "hakus-karo-app-swift";
			productName = "hakus-karo-app-swift";
			productReference = C95FEC9A25C6B39700E669AB /* hakus-karo-app-swift.app */;
			productType = "com.apple.product-type.application";
		};
		C95FECAA25C6B39900E669AB /* hakus-karo-app-swiftTests */ = {
			isa = PBXNativeTarget;
			buildConfigurationList = C95FECC225C6B39A00E669AB /* Build configuration list for PBXNativeTarget "hakus-karo-app-swiftTests" */;
			buildPhases = (
				C95FECA725C6B39900E669AB /* Sources */,
				C95FECA825C6B39900E669AB /* Frameworks */,
				C95FECA925C6B39900E669AB /* Resources */,
			);
			buildRules = (
			);
			dependencies = (
				C95FECAD25C6B39900E669AB /* PBXTargetDependency */,
			);
			name = "hakus-karo-app-swiftTests";
			productName = "hakus-karo-app-swiftTests";
			productReference = C95FECAB25C6B39900E669AB /* hakus-karo-app-swiftTests.xctest */;
			productType = "com.apple.product-type.bundle.unit-test";
		};
		C95FECB525C6B39900E669AB /* hakus-karo-app-swiftUITests */ = {
			isa = PBXNativeTarget;
			buildConfigurationList = C95FECC525C6B39A00E669AB /* Build configuration list for PBXNativeTarget "hakus-karo-app-swiftUITests" */;
			buildPhases = (
				C95FECB225C6B39900E669AB /* Sources */,
				C95FECB325C6B39900E669AB /* Frameworks */,
				C95FECB425C6B39900E669AB /* Resources */,
			);
			buildRules = (
			);
			dependencies = (
				C95FECB825C6B39900E669AB /* PBXTargetDependency */,
			);
			name = "hakus-karo-app-swiftUITests";
			productName = "hakus-karo-app-swiftUITests";
			productReference = C95FECB625C6B39900E669AB /* hakus-karo-app-swiftUITests.xctest */;
			productType = "com.apple.product-type.bundle.ui-testing";
		};
/* End PBXNativeTarget section */

/* Begin PBXProject section */
		C95FEC9225C6B39700E669AB /* Project object */ = {
			isa = PBXProject;
			attributes = {
				LastSwiftUpdateCheck = 1240;
				LastUpgradeCheck = 1240;
				TargetAttributes = {
					C95FEC9925C6B39700E669AB = {
						CreatedOnToolsVersion = 12.4;
					};
					C95FECAA25C6B39900E669AB = {
						CreatedOnToolsVersion = 12.4;
						TestTargetID = C95FEC9925C6B39700E669AB;
					};
					C95FECB525C6B39900E669AB = {
						CreatedOnToolsVersion = 12.4;
						TestTargetID = C95FEC9925C6B39700E669AB;
					};
				};
			};
			buildConfigurationList = C95FEC9525C6B39700E669AB /* Build configuration list for PBXProject "hakus-karo-app-swift" */;
			compatibilityVersion = "Xcode 9.3";
			developmentRegion = en;
			hasScannedForEncodings = 0;
			knownRegions = (
				en,
				Base,
			);
			mainGroup = C95FEC9125C6B39700E669AB;
			productRefGroup = C95FEC9B25C6B39700E669AB /* Products */;
			projectDirPath = "";
			projectRoot = "";
			targets = (
				C95FEC9925C6B39700E669AB /* hakus-karo-app-swift */,
				C95FECAA25C6B39900E669AB /* hakus-karo-app-swiftTests */,
				C95FECB525C6B39900E669AB /* hakus-karo-app-swiftUITests */,
			);
		};
/* End PBXProject section */

/* Begin PBXResourcesBuildPhase section */
		C95FEC9825C6B39700E669AB /* Resources */ = {
			isa = PBXResourcesBuildPhase;
			buildActionMask = 2147483647;
			files = (
				C95FECA525C6B39900E669AB /* Preview Assets.xcassets in Resources */,
				C95FECA225C6B39900E669AB /* Assets.xcassets in Resources */,
			);
			runOnlyForDeploymentPostprocessing = 0;
		};
		C95FECA925C6B39900E669AB /* Resources */ = {
			isa = PBXResourcesBuildPhase;
			buildActionMask = 2147483647;
			files = (
			);
			runOnlyForDeploymentPostprocessing = 0;
		};
		C95FECB425C6B39900E669AB /* Resources */ = {
			isa = PBXResourcesBuildPhase;
			buildActionMask = 2147483647;
			files = (
			);
			runOnlyForDeploymentPostprocessing = 0;
		};
/* End PBXResourcesBuildPhase section */

/* Begin PBXSourcesBuildPhase section */
		C95FEC9625C6B39700E669AB /* Sources */ = {
			isa = PBXSourcesBuildPhase;
			buildActionMask = 2147483647;
			files = (
				C95FECA025C6B39700E669AB /* ContentView.swift in Sources */,
				C95FEC9E25C6B39700E669AB /* hakus_karo_app_swiftApp.swift in Sources */,
			);
			runOnlyForDeploymentPostprocessing = 0;
		};
		C95FECA725C6B39900E669AB /* Sources */ = {
			isa = PBXSourcesBuildPhase;
			buildActionMask = 2147483647;
			files = (
				C95FECB025C6B39900E669AB /* hakus_karo_app_swiftTests.swift in Sources */,
			);
			runOnlyForDeploymentPostprocessing = 0;
		};
		C95FECB225C6B39900E669AB /* Sources */ = {
			isa = PBXSourcesBuildPhase;
			buildActionMask = 2147483647;
			files = (
				C95FECBB25C6B39A00E669AB /* hakus_karo_app_swiftUITests.swift in Sources */,
			);
			runOnlyForDeploymentPostprocessing = 0;
		};
/* End PBXSourcesBuildPhase section */

/* Begin PBXTargetDependency section */
		C95FECAD25C6B39900E669AB /* PBXTargetDependency */ = {
			isa = PBXTargetDependency;
			target = C95FEC9925C6B39700E669AB /* hakus-karo-app-swift */;
			targetProxy = C95FECAC25C6B39900E669AB /* PBXContainerItemProxy */;
		};
		C95FECB825C6B39900E669AB /* PBXTargetDependency */ = {
			isa = PBXTargetDependency;
			target = C95FEC9925C6B39700E669AB /* hakus-karo-app-swift */;
			targetProxy = C95FECB725C6B39900E669AB /* PBXContainerItemProxy */;
		};
/* End PBXTargetDependency section */

/* Begin XCBuildConfiguration section */
		C95FECBD25C6B39A00E669AB /* Debug */ = {
			isa = XCBuildConfiguration;
			buildSettings = {
				ALWAYS_SEARCH_USER_PATHS = NO;
				CLANG_ANALYZER_NONNULL = YES;
				CLANG_ANALYZER_NUMBER_OBJECT_CONVERSION = YES_AGGRESSIVE;
				CLANG_CXX_LANGUAGE_STANDARD = "gnu++14";
				CLANG_CXX_LIBRARY = "libc++";
				CLANG_ENABLE_MODULES = YES;
				CLANG_ENABLE_OBJC_ARC = YES;
				CLANG_ENABLE_OBJC_WEAK = YES;
				CLANG_WARN_BLOCK_CAPTURE_AUTORELEASING = YES;
				CLANG_WARN_BOOL_CONVERSION = YES;
				CLANG_WARN_COMMA = YES;
				CLANG_WARN_CONSTANT_CONVERSION = YES;
				CLANG_WARN_DEPRECATED_OBJC_IMPLEMENTATIONS = YES;
				CLANG_WARN_DIRECT_OBJC_ISA_USAGE = YES_ERROR;
				CLANG_WARN_DOCUMENTATION_COMMENTS = YES;
				CLANG_WARN_EMPTY_BODY = YES;
				CLANG_WARN_ENUM_CONVERSION = YES;
				CLANG_WARN_INFINITE_RECURSION = YES;
				CLANG_WARN_INT_CONVERSION = YES;
				CLANG_WARN_NON_LITERAL_NULL_CONVERSION = YES;
				CLANG_WARN_OBJC_IMPLICIT_RETAIN_SELF = YES;
				CLANG_WARN_OBJC_LITERAL_CONVERSION = YES;
				CLANG_WARN_OBJC_ROOT_CLASS = YES_ERROR;
				CLANG_WARN_QUOTED_INCLUDE_IN_FRAMEWORK_HEADER = YES;
				CLANG_WARN_RANGE_LOOP_ANALYSIS = YES;
				CLANG_WARN_STRICT_PROTOTYPES = YES;
				CLANG_WARN_SUSPICIOUS_MOVE = YES;
				CLANG_WARN_UNGUARDED_AVAILABILITY = YES_AGGRESSIVE;
				CLANG_WARN_UNREACHABLE_CODE = YES;
				CLANG_WARN__DUPLICATE_METHOD_MATCH = YES;
				COPY_PHASE_STRIP = NO;
				DEBUG_INFORMATION_FORMAT = dwarf;
				ENABLE_STRICT_OBJC_MSGSEND = YES;
				ENABLE_TESTABILITY = YES;
				GCC_C_LANGUAGE_STANDARD = gnu11;
				GCC_DYNAMIC_NO_PIC = NO;
				GCC_NO_COMMON_BLOCKS = YES;
				GCC_OPTIMIZATION_LEVEL = 0;
				GCC_PREPROCESSOR_DEFINITIONS = (
					"DEBUG=1",
					"$(inherited)",
				);
				GCC_WARN_64_TO_32_BIT_CONVERSION = YES;
				GCC_WARN_ABOUT_RETURN_TYPE = YES_ERROR;
				GCC_WARN_UNDECLARED_SELECTOR = YES;
				GCC_WARN_UNINITIALIZED_AUTOS = YES_AGGRESSIVE;
				GCC_WARN_UNUSED_FUNCTION = YES;
				GCC_WARN_UNUSED_VARIABLE = YES;
				IPHONEOS_DEPLOYMENT_TARGET = 14.4;
				MTL_ENABLE_DEBUG_INFO = INCLUDE_SOURCE;
				MTL_FAST_MATH = YES;
				ONLY_ACTIVE_ARCH = YES;
				SDKROOT = iphoneos;
				SWIFT_ACTIVE_COMPILATION_CONDITIONS = DEBUG;
				SWIFT_OPTIMIZATION_LEVEL = "-Onone";
			};
			name = Debug;
		};
		C95FECBE25C6B39A00E669AB /* Release */ = {
			isa = XCBuildConfiguration;
			buildSettings = {
				ALWAYS_SEARCH_USER_PATHS = NO;
				CLANG_ANALYZER_NONNULL = YES;
				CLANG_ANALYZER_NUMBER_OBJECT_CONVERSION = YES_AGGRESSIVE;
				CLANG_CXX_LANGUAGE_STANDARD = "gnu++14";
				CLANG_CXX_LIBRARY = "libc++";
				CLANG_ENABLE_MODULES = YES;
				CLANG_ENABLE_OBJC_ARC = YES;
				CLANG_ENABLE_OBJC_WEAK = YES;
				CLANG_WARN_BLOCK_CAPTURE_AUTORELEASING = YES;
				CLANG_WARN_BOOL_CONVERSION = YES;
				CLANG_WARN_COMMA = YES;
				CLANG_WARN_CONSTANT_CONVERSION = YES;
				CLANG_WARN_DEPRECATED_OBJC_IMPLEMENTATIONS = YES;
				CLANG_WARN_DIRECT_OBJC_ISA_USAGE = YES_ERROR;
				CLANG_WARN_DOCUMENTATION_COMMENTS = YES;
				CLANG_WARN_EMPTY_BODY = YES;
				CLANG_WARN_ENUM_CONVERSION = YES;
				CLANG_WARN_INFINITE_RECURSION = YES;
				CLANG_WARN_INT_CONVERSION = YES;
				CLANG_WARN_NON_LITERAL_NULL_CONVERSION = YES;
				CLANG_WARN_OBJC_IMPLICIT_RETAIN_SELF = YES;
				CLANG_WARN_OBJC_LITERAL_CONVERSION = YES;
				CLANG_WARN_OBJC_ROOT_CLASS = YES_ERROR;
				CLANG_WARN_QUOTED_INCLUDE_IN_FRAMEWORK_HEADER = YES;
				CLANG_WARN_RANGE_LOOP_ANALYSIS = YES;
				CLANG_WARN_STRICT_PROTOTYPES = YES;
				CLANG_WARN_SUSPICIOUS_MOVE = YES;
				CLANG_WARN_UNGUARDED_AVAILABILITY = YES_AGGRESSIVE;
				CLANG_WARN_UNREACHABLE_CODE = YES;
				CLANG_WARN__DUPLICATE_METHOD_MATCH = YES;
				COPY_PHASE_STRIP = NO;
				DEBUG_INFORMATION_FORMAT = "dwarf-with-dsym";
				ENABLE_NS_ASSERTIONS = NO;
				ENABLE_STRICT_OBJC_MSGSEND = YES;
				GCC_C_LANGUAGE_STANDARD = gnu11;
				GCC_NO_COMMON_BLOCKS = YES;
				GCC_WARN_64_TO_32_BIT_CONVERSION = YES;
				GCC_WARN_ABOUT_RETURN_TYPE = YES_ERROR;
				GCC_WARN_UNDECLARED_SELECTOR = YES;
				GCC_WARN_UNINITIALIZED_AUTOS = YES_AGGRESSIVE;
				GCC_WARN_UNUSED_FUNCTION = YES;
				GCC_WARN_UNUSED_VARIABLE = YES;
				IPHONEOS_DEPLOYMENT_TARGET = 14.4;
				MTL_ENABLE_DEBUG_INFO = NO;
				MTL_FAST_MATH = YES;
				SDKROOT = iphoneos;
				SWIFT_COMPILATION_MODE = wholemodule;
				SWIFT_OPTIMIZATION_LEVEL = "-O";
				VALIDATE_PRODUCT = YES;
			};
			name = Release;
		};
		C95FECC025C6B39A00E669AB /* Debug */ = {
			isa = XCBuildConfiguration;
			buildSettings = {
				ASSETCATALOG_COMPILER_APPICON_NAME = AppIcon;
				ASSETCATALOG_COMPILER_GLOBAL_ACCENT_COLOR_NAME = AccentColor;
				CODE_SIGN_STYLE = Automatic;
				DEVELOPMENT_ASSET_PATHS = "\"hakus-karo-app-swift/Preview Content\"";
				ENABLE_PREVIEWS = YES;
				INFOPLIST_FILE = "hakus-karo-app-swift/Info.plist";
				IPHONEOS_DEPLOYMENT_TARGET = 14.0;
				LD_RUNPATH_SEARCH_PATHS = (
					"$(inherited)",
					"@executable_path/Frameworks",
				);
				PRODUCT_BUNDLE_IDENTIFIER = "haku10.hakus-karo-app-swift";
				PRODUCT_NAME = "$(TARGET_NAME)";
				SWIFT_VERSION = 5.0;
				TARGETED_DEVICE_FAMILY = "1,2";
			};
			name = Debug;
		};
		C95FECC125C6B39A00E669AB /* Release */ = {
			isa = XCBuildConfiguration;
			buildSettings = {
				ASSETCATALOG_COMPILER_APPICON_NAME = AppIcon;
				ASSETCATALOG_COMPILER_GLOBAL_ACCENT_COLOR_NAME = AccentColor;
				CODE_SIGN_STYLE = Automatic;
				DEVELOPMENT_ASSET_PATHS = "\"hakus-karo-app-swift/Preview Content\"";
				ENABLE_PREVIEWS = YES;
				INFOPLIST_FILE = "hakus-karo-app-swift/Info.plist";
				IPHONEOS_DEPLOYMENT_TARGET = 14.0;
				LD_RUNPATH_SEARCH_PATHS = (
					"$(inherited)",
					"@executable_path/Frameworks",
				);
				PRODUCT_BUNDLE_IDENTIFIER = "haku10.hakus-karo-app-swift";
				PRODUCT_NAME = "$(TARGET_NAME)";
				SWIFT_VERSION = 5.0;
				TARGETED_DEVICE_FAMILY = "1,2";
			};
			name = Release;
		};
		C95FECC325C6B39A00E669AB /* Debug */ = {
			isa = XCBuildConfiguration;
			buildSettings = {
				ALWAYS_EMBED_SWIFT_STANDARD_LIBRARIES = YES;
				BUNDLE_LOADER = "$(TEST_HOST)";
				CODE_SIGN_STYLE = Automatic;
				INFOPLIST_FILE = "hakus-karo-app-swiftTests/Info.plist";
				IPHONEOS_DEPLOYMENT_TARGET = 14.0;
				LD_RUNPATH_SEARCH_PATHS = (
					"$(inherited)",
					"@executable_path/Frameworks",
					"@loader_path/Frameworks",
				);
				PRODUCT_BUNDLE_IDENTIFIER = "haku10.hakus-karo-app-swiftTests";
				PRODUCT_NAME = "$(TARGET_NAME)";
				SWIFT_VERSION = 5.0;
				TARGETED_DEVICE_FAMILY = "1,2";
				TEST_HOST = "$(BUILT_PRODUCTS_DIR)/hakus-karo-app-swift.app/hakus-karo-app-swift";
			};
			name = Debug;
		};
		C95FECC425C6B39A00E669AB /* Release */ = {
			isa = XCBuildConfiguration;
			buildSettings = {
				ALWAYS_EMBED_SWIFT_STANDARD_LIBRARIES = YES;
				BUNDLE_LOADER = "$(TEST_HOST)";
				CODE_SIGN_STYLE = Automatic;
				INFOPLIST_FILE = "hakus-karo-app-swiftTests/Info.plist";
				IPHONEOS_DEPLOYMENT_TARGET = 14.0;
				LD_RUNPATH_SEARCH_PATHS = (
					"$(inherited)",
					"@executable_path/Frameworks",
					"@loader_path/Frameworks",
				);
				PRODUCT_BUNDLE_IDENTIFIER = "haku10.hakus-karo-app-swiftTests";
				PRODUCT_NAME = "$(TARGET_NAME)";
				SWIFT_VERSION = 5.0;
				TARGETED_DEVICE_FAMILY = "1,2";
				TEST_HOST = "$(BUILT_PRODUCTS_DIR)/hakus-karo-app-swift.app/hakus-karo-app-swift";
			};
			name = Release;
		};
		C95FECC625C6B39A00E669AB /* Debug */ = {
			isa = XCBuildConfiguration;
			buildSettings = {
				ALWAYS_EMBED_SWIFT_STANDARD_LIBRARIES = YES;
				CODE_SIGN_STYLE = Automatic;
				INFOPLIST_FILE = "hakus-karo-app-swiftUITests/Info.plist";
				LD_RUNPATH_SEARCH_PATHS = (
					"$(inherited)",
					"@executable_path/Frameworks",
					"@loader_path/Frameworks",
				);
				PRODUCT_BUNDLE_IDENTIFIER = "haku10.hakus-karo-app-swiftUITests";
				PRODUCT_NAME = "$(TARGET_NAME)";
				SWIFT_VERSION = 5.0;
				TARGETED_DEVICE_FAMILY = "1,2";
				TEST_TARGET_NAME = "hakus-karo-app-swift";
			};
			name = Debug;
		};
		C95FECC725C6B39A00E669AB /* Release */ = {
			isa = XCBuildConfiguration;
			buildSettings = {
				ALWAYS_EMBED_SWIFT_STANDARD_LIBRARIES = YES;
				CODE_SIGN_STYLE = Automatic;
				INFOPLIST_FILE = "hakus-karo-app-swiftUITests/Info.plist";
				LD_RUNPATH_SEARCH_PATHS = (
					"$(inherited)",
					"@executable_path/Frameworks",
					"@loader_path/Frameworks",
				);
				PRODUCT_BUNDLE_IDENTIFIER = "haku10.hakus-karo-app-swiftUITests";
				PRODUCT_NAME = "$(TARGET_NAME)";
				SWIFT_VERSION = 5.0;
				TARGETED_DEVICE_FAMILY = "1,2";
				TEST_TARGET_NAME = "hakus-karo-app-swift";
			};
			name = Release;
		};
/* End XCBuildConfiguration section */

/* Begin XCConfigurationList section */
		C95FEC9525C6B39700E669AB /* Build configuration list for PBXProject "hakus-karo-app-swift" */ = {
			isa = XCConfigurationList;
			buildConfigurations = (
				C95FECBD25C6B39A00E669AB /* Debug */,
				C95FECBE25C6B39A00E669AB /* Release */,
			);
			defaultConfigurationIsVisible = 0;
			defaultConfigurationName = Release;
		};
		C95FECBF25C6B39A00E669AB /* Build configuration list for PBXNativeTarget "hakus-karo-app-swift" */ = {
			isa = XCConfigurationList;
			buildConfigurations = (
				C95FECC025C6B39A00E669AB /* Debug */,
				C95FECC125C6B39A00E669AB /* Release */,
			);
			defaultConfigurationIsVisible = 0;
			defaultConfigurationName = Release;
		};
		C95FECC225C6B39A00E669AB /* Build configuration list for PBXNativeTarget "hakus-karo-app-swiftTests" */ = {
			isa = XCConfigurationList;
			buildConfigurations = (
				C95FECC325C6B39A00E669AB /* Debug */,
				C95FECC425C6B39A00E669AB /* Release */,
			);
			defaultConfigurationIsVisible = 0;
			defaultConfigurationName = Release;
		};
		C95FECC525C6B39A00E669AB /* Build configuration list for PBXNativeTarget "hakus-karo-app-swiftUITests" */ = {
			isa = XCConfigurationList;
			buildConfigurations = (
				C95FECC625C6B39A00E669AB /* Debug */,
				C95FECC725C6B39A00E669AB /* Release */,
			);
			defaultConfigurationIsVisible = 0;
			defaultConfigurationName = Release;
		};
/* End XCConfigurationList section */
	};
	rootObject = C95FEC9225C6B39700E669AB /* Project object */;
}
